
Microsoft Visual Studio Solution File, Format Version 12.00
# Visual Studio Version 17
VisualStudioVersion = 17.9.34701.34
MinimumVisualStudioVersion = 10.0.40219.1
Project("{FAE04EC0-301F-11D3-BF4B-00C04F79EFBC}") = "Exercicio", "Exercicio\Exercicio.csproj", "{CDB2ADB8-BF11-4AC0-B724-4A5371EE9503}"
EndProject
Global
	GlobalSection(SolutionConfigurationPlatforms) = preSolution
		Debug|Any CPU = Debug|Any CPU
		Release|Any CPU = Release|Any CPU
	EndGlobalSection
	GlobalSection(ProjectConfigurationPlatforms) = postSolution
		{CDB2ADB8-BF11-4AC0-B724-4A5371EE9503}.Debug|Any CPU.ActiveCfg = Debug|Any CPU
		{CDB2ADB8-BF11-4AC0-B724-4A5371EE9503}.Debug|Any CPU.Build.0 = Debug|Any CPU
		{CDB2ADB8-BF11-4AC0-B724-4A5371EE9503}.Release|Any CPU.ActiveCfg = Release|Any CPU
		{CDB2ADB8-BF11-4AC0-B724-4A5371EE9503}.Release|Any CPU.Build.0 = Release|Any CPU
	EndGlobalSection
	GlobalSection(SolutionProperties) = preSolution
		HideSolutionNode = FALSE
	EndGlobalSection
	GlobalSection(ExtensibilityGlobals) = postSolution
		SolutionGuid = {D32E51CE-CA8E-4F85-A4BE-B61351E5622E}
	EndGlobalSection
EndGlobal
