
Microsoft Visual Studio Solution File, Format Version 12.00
# Visual Studio Version 17
VisualStudioVersion = 17.14.36301.6
MinimumVisualStudioVersion = 10.0.40219.1
Project("{FAE04EC0-301F-11D3-BF4B-00C04F79EFBC}") = "SerializacaoEDesserializacaoBinaria", "SerializacaoEDesserializacaoBinaria\SerializacaoEDesserializacaoBinaria.csproj", "{A61F4932-1350-4F3A-9F8E-421695ED95FB}"
EndProject
Project("{FAE04EC0-301F-11D3-BF4B-00C04F79EFBC}") = "SerializacaoEDesserializacaoXML", "SerializacaoXML\SerializacaoEDesserializacaoXML.csproj", "{2C8E3F3A-09C1-4506-9104-960CA7891CE6}"
EndProject
Project("{FAE04EC0-301F-11D3-BF4B-00C04F79EFBC}") = "SerializacaoEDesserializacaoJSON", "SerializacaoEDesserializacaoJSON\SerializacaoEDesserializacaoJSON.csproj", "{9DEC36B0-3E9E-46F1-961E-5EE50B814B82}"
EndProject
Global
	GlobalSection(SolutionConfigurationPlatforms) = preSolution
		Debug|Any CPU = Debug|Any CPU
		Release|Any CPU = Release|Any CPU
	EndGlobalSection
	GlobalSection(ProjectConfigurationPlatforms) = postSolution
		{A61F4932-1350-4F3A-9F8E-421695ED95FB}.Debug|Any CPU.ActiveCfg = Debug|Any CPU
		{A61F4932-1350-4F3A-9F8E-421695ED95FB}.Debug|Any CPU.Build.0 = Debug|Any CPU
		{A61F4932-1350-4F3A-9F8E-421695ED95FB}.Release|Any CPU.ActiveCfg = Release|Any CPU
		{A61F4932-1350-4F3A-9F8E-421695ED95FB}.Release|Any CPU.Build.0 = Release|Any CPU
		{2C8E3F3A-09C1-4506-9104-960CA7891CE6}.Debug|Any CPU.ActiveCfg = Debug|Any CPU
		{2C8E3F3A-09C1-4506-9104-960CA7891CE6}.Debug|Any CPU.Build.0 = Debug|Any CPU
		{2C8E3F3A-09C1-4506-9104-960CA7891CE6}.Release|Any CPU.ActiveCfg = Release|Any CPU
		{2C8E3F3A-09C1-4506-9104-960CA7891CE6}.Release|Any CPU.Build.0 = Release|Any CPU
		{9DEC36B0-3E9E-46F1-961E-5EE50B814B82}.Debug|Any CPU.ActiveCfg = Debug|Any CPU
		{9DEC36B0-3E9E-46F1-961E-5EE50B814B82}.Debug|Any CPU.Build.0 = Debug|Any CPU
		{9DEC36B0-3E9E-46F1-961E-5EE50B814B82}.Release|Any CPU.ActiveCfg = Release|Any CPU
		{9DEC36B0-3E9E-46F1-961E-5EE50B814B82}.Release|Any CPU.Build.0 = Release|Any CPU
	EndGlobalSection
	GlobalSection(SolutionProperties) = preSolution
		HideSolutionNode = FALSE
	EndGlobalSection
	GlobalSection(ExtensibilityGlobals) = postSolution
		SolutionGuid = {824DA1D4-9AEA-4D0A-B275-EE8D69FC348C}
	EndGlobalSection
EndGlobal
