
Microsoft Visual Studio Solution File, Format Version 12.00
# Visual Studio Version 17
VisualStudioVersion = 17.9.34607.119
MinimumVisualStudioVersion = 10.0.40219.1
Project("{FAE04EC0-301F-11D3-BF4B-00C04F79EFBC}") = "Exercicio", "Exercicio\Exercicio.csproj", "{7714017F-1DFB-4FDF-95AF-4F5DADA5B65D}"
EndProject
Global
	GlobalSection(SolutionConfigurationPlatforms) = preSolution
		Debug|Any CPU = Debug|Any CPU
		Release|Any CPU = Release|Any CPU
	EndGlobalSection
	GlobalSection(ProjectConfigurationPlatforms) = postSolution
		{7714017F-1DFB-4FDF-95AF-4F5DADA5B65D}.Debug|Any CPU.ActiveCfg = Debug|Any CPU
		{7714017F-1DFB-4FDF-95AF-4F5DADA5B65D}.Debug|Any CPU.Build.0 = Debug|Any CPU
		{7714017F-1DFB-4FDF-95AF-4F5DADA5B65D}.Release|Any CPU.ActiveCfg = Release|Any CPU
		{7714017F-1DFB-4FDF-95AF-4F5DADA5B65D}.Release|Any CPU.Build.0 = Release|Any CPU
	EndGlobalSection
	GlobalSection(SolutionProperties) = preSolution
		HideSolutionNode = FALSE
	EndGlobalSection
	GlobalSection(ExtensibilityGlobals) = postSolution
		SolutionGuid = {14A9B376-C767-4123-8354-94989E4289CB}
	EndGlobalSection
EndGlobal
