
Microsoft Visual Studio Solution File, Format Version 12.00
# Visual Studio Version 17
VisualStudioVersion = 17.11.35222.181
MinimumVisualStudioVersion = 10.0.40219.1
Project("{9A19103F-16F7-4668-BE54-9A1E7A4F7556}") = "TryCatchFinally", "TryCatchFinally\TryCatchFinally.csproj", "{4E4CA3AD-B953-469F-96A3-7D498085AAAC}"
EndProject
Project("{FAE04EC0-301F-11D3-BF4B-00C04F79EFBC}") = "LancandoExceptions", "LancandoExceptions\LancandoExceptions.csproj", "{6CAAA1DC-A042-449F-BFE2-146F003389EB}"
EndProject
Project("{FAE04EC0-301F-11D3-BF4B-00C04F79EFBC}") = "FiltrarExcecoes", "FiltrarExcecoes\FiltrarExcecoes.csproj", "{0076C9FC-6D33-4EEB-B462-DE2D7AEDC23B}"
EndProject
Project("{FAE04EC0-301F-11D3-BF4B-00C04F79EFBC}") = "FiltrosExercicio", "FiltrosExercicio\FiltrosExercicio.csproj", "{E8ABF0E7-E007-4D8B-9A80-A0408CD86236}"
EndProject
Project("{FAE04EC0-301F-11D3-BF4B-00C04F79EFBC}") = "ExcecoesPersonalizadas", "ExcecoesPersonalizadas\ExcecoesPersonalizadas.csproj", "{5D55D016-1950-41CF-9341-8E8B259BB1C6}"
EndProject
Global
	GlobalSection(SolutionConfigurationPlatforms) = preSolution
		Debug|Any CPU = Debug|Any CPU
		Release|Any CPU = Release|Any CPU
	EndGlobalSection
	GlobalSection(ProjectConfigurationPlatforms) = postSolution
		{4E4CA3AD-B953-469F-96A3-7D498085AAAC}.Debug|Any CPU.ActiveCfg = Debug|Any CPU
		{4E4CA3AD-B953-469F-96A3-7D498085AAAC}.Debug|Any CPU.Build.0 = Debug|Any CPU
		{4E4CA3AD-B953-469F-96A3-7D498085AAAC}.Release|Any CPU.ActiveCfg = Release|Any CPU
		{4E4CA3AD-B953-469F-96A3-7D498085AAAC}.Release|Any CPU.Build.0 = Release|Any CPU
		{6CAAA1DC-A042-449F-BFE2-146F003389EB}.Debug|Any CPU.ActiveCfg = Debug|Any CPU
		{6CAAA1DC-A042-449F-BFE2-146F003389EB}.Debug|Any CPU.Build.0 = Debug|Any CPU
		{6CAAA1DC-A042-449F-BFE2-146F003389EB}.Release|Any CPU.ActiveCfg = Release|Any CPU
		{6CAAA1DC-A042-449F-BFE2-146F003389EB}.Release|Any CPU.Build.0 = Release|Any CPU
		{0076C9FC-6D33-4EEB-B462-DE2D7AEDC23B}.Debug|Any CPU.ActiveCfg = Debug|Any CPU
		{0076C9FC-6D33-4EEB-B462-DE2D7AEDC23B}.Debug|Any CPU.Build.0 = Debug|Any CPU
		{0076C9FC-6D33-4EEB-B462-DE2D7AEDC23B}.Release|Any CPU.ActiveCfg = Release|Any CPU
		{0076C9FC-6D33-4EEB-B462-DE2D7AEDC23B}.Release|Any CPU.Build.0 = Release|Any CPU
		{E8ABF0E7-E007-4D8B-9A80-A0408CD86236}.Debug|Any CPU.ActiveCfg = Debug|Any CPU
		{E8ABF0E7-E007-4D8B-9A80-A0408CD86236}.Debug|Any CPU.Build.0 = Debug|Any CPU
		{E8ABF0E7-E007-4D8B-9A80-A0408CD86236}.Release|Any CPU.ActiveCfg = Release|Any CPU
		{E8ABF0E7-E007-4D8B-9A80-A0408CD86236}.Release|Any CPU.Build.0 = Release|Any CPU
		{5D55D016-1950-41CF-9341-8E8B259BB1C6}.Debug|Any CPU.ActiveCfg = Debug|Any CPU
		{5D55D016-1950-41CF-9341-8E8B259BB1C6}.Debug|Any CPU.Build.0 = Debug|Any CPU
		{5D55D016-1950-41CF-9341-8E8B259BB1C6}.Release|Any CPU.ActiveCfg = Release|Any CPU
		{5D55D016-1950-41CF-9341-8E8B259BB1C6}.Release|Any CPU.Build.0 = Release|Any CPU
	EndGlobalSection
	GlobalSection(SolutionProperties) = preSolution
		HideSolutionNode = FALSE
	EndGlobalSection
	GlobalSection(ExtensibilityGlobals) = postSolution
		SolutionGuid = {BB3C79EA-23CD-42BD-ACAC-9E7266B6D115}
	EndGlobalSection
EndGlobal
