
Microsoft Visual Studio Solution File, Format Version 12.00
# Visual Studio Version 17
VisualStudioVersion = 17.9.34701.34
MinimumVisualStudioVersion = 10.0.40219.1
Project("{FAE04EC0-301F-11D3-BF4B-00C04F79EFBC}") = "Exercicio", "Exercicio\Exercicio.csproj", "{56D5A5BE-09D4-43CE-8288-4B234927062C}"
EndProject
Global
	GlobalSection(SolutionConfigurationPlatforms) = preSolution
		Debug|Any CPU = Debug|Any CPU
		Release|Any CPU = Release|Any CPU
	EndGlobalSection
	GlobalSection(ProjectConfigurationPlatforms) = postSolution
		{56D5A5BE-09D4-43CE-8288-4B234927062C}.Debug|Any CPU.ActiveCfg = Debug|Any CPU
		{56D5A5BE-09D4-43CE-8288-4B234927062C}.Debug|Any CPU.Build.0 = Debug|Any CPU
		{56D5A5BE-09D4-43CE-8288-4B234927062C}.Release|Any CPU.ActiveCfg = Release|Any CPU
		{56D5A5BE-09D4-43CE-8288-4B234927062C}.Release|Any CPU.Build.0 = Release|Any CPU
	EndGlobalSection
	GlobalSection(SolutionProperties) = preSolution
		HideSolutionNode = FALSE
	EndGlobalSection
	GlobalSection(ExtensibilityGlobals) = postSolution
		SolutionGuid = {4FD16A5C-FF5F-4DCC-B9BE-977CA919A1D4}
	EndGlobalSection
EndGlobal
