
Microsoft Visual Studio Solution File, Format Version 12.00
# Visual Studio Version 17
VisualStudioVersion = 17.9.34701.34
MinimumVisualStudioVersion = 10.0.40219.1
Project("{FAE04EC0-301F-11D3-BF4B-00C04F79EFBC}") = "Exercicio", "Exercicio\Exercicio.csproj", "{51FBB3ED-D197-4F35-AF97-3976B3F06C89}"
EndProject
Global
	GlobalSection(SolutionConfigurationPlatforms) = preSolution
		Debug|Any CPU = Debug|Any CPU
		Release|Any CPU = Release|Any CPU
	EndGlobalSection
	GlobalSection(ProjectConfigurationPlatforms) = postSolution
		{51FBB3ED-D197-4F35-AF97-3976B3F06C89}.Debug|Any CPU.ActiveCfg = Debug|Any CPU
		{51FBB3ED-D197-4F35-AF97-3976B3F06C89}.Debug|Any CPU.Build.0 = Debug|Any CPU
		{51FBB3ED-D197-4F35-AF97-3976B3F06C89}.Release|Any CPU.ActiveCfg = Release|Any CPU
		{51FBB3ED-D197-4F35-AF97-3976B3F06C89}.Release|Any CPU.Build.0 = Release|Any CPU
	EndGlobalSection
	GlobalSection(SolutionProperties) = preSolution
		HideSolutionNode = FALSE
	EndGlobalSection
	GlobalSection(ExtensibilityGlobals) = postSolution
		SolutionGuid = {6B73AB89-74F5-4FBB-A6F7-7D2CB90FB3FA}
	EndGlobalSection
EndGlobal
