
Microsoft Visual Studio Solution File, Format Version 12.00
# Visual Studio Version 17
VisualStudioVersion = 17.9.34701.34
MinimumVisualStudioVersion = 10.0.40219.1
Project("{FAE04EC0-301F-11D3-BF4B-00C04F79EFBC}") = "ClassesMetodos", "ClassesMetodos\ClassesMetodos.csproj", "{CC0CDFB0-7827-4DAE-B3B2-B7E8BF7FA8DF}"
EndProject
Global
	GlobalSection(SolutionConfigurationPlatforms) = preSolution
		Debug|Any CPU = Debug|Any CPU
		Release|Any CPU = Release|Any CPU
	EndGlobalSection
	GlobalSection(ProjectConfigurationPlatforms) = postSolution
		{CC0CDFB0-7827-4DAE-B3B2-B7E8BF7FA8DF}.Debug|Any CPU.ActiveCfg = Debug|Any CPU
		{CC0CDFB0-7827-4DAE-B3B2-B7E8BF7FA8DF}.Debug|Any CPU.Build.0 = Debug|Any CPU
		{CC0CDFB0-7827-4DAE-B3B2-B7E8BF7FA8DF}.Release|Any CPU.ActiveCfg = Release|Any CPU
		{CC0CDFB0-7827-4DAE-B3B2-B7E8BF7FA8DF}.Release|Any CPU.Build.0 = Release|Any CPU
	EndGlobalSection
	GlobalSection(SolutionProperties) = preSolution
		HideSolutionNode = FALSE
	EndGlobalSection
	GlobalSection(ExtensibilityGlobals) = postSolution
		SolutionGuid = {300351E4-89EB-4ECC-AB63-951578616156}
	EndGlobalSection
EndGlobal
